
Microsoft Visual Studio Solution File, Format Version 12.00
# Visual Studio 2012
Project("{8BC9CEB8-8B4A-11D0-8D11-00A0C91BC942}") = "qdgridcalc", "qdgridcalc\qdgridcalc.vcxproj", "{2177A0D6-4660-487C-8FA6-669B21978015}"
EndProject
Project("{8BC9CEB8-8B4A-11D0-8D11-00A0C91BC942}") = "qdinterpolatearea", "qdinterpolatearea\qdinterpolatearea.vcxproj", "{800526D8-1155-4EF1-ADE7-4988B89F5CDB}"
EndProject
Project("{8BC9CEB8-8B4A-11D0-8D11-00A0C91BC942}") = "qdinterpolatetime", "qdinterpolatetime\qdinterpolatetime.vcxproj", "{82E60F63-9A50-457E-BF1E-BE8CC57AC007}"
EndProject
Project("{8BC9CEB8-8B4A-11D0-8D11-00A0C91BC942}") = "qdmissing", "qdmissing\qdmissing.vcxproj", "{1D7665F0-8E95-4A70-A0CA-C4A73F9D0190}"
EndProject
Project("{8BC9CEB8-8B4A-11D0-8D11-00A0C91BC942}") = "qdcheck", "qdcheck\qdcheck.vcxproj", "{F017CBD3-50EF-4B8A-ADE5-562B2B196510}"
EndProject
Project("{8BC9CEB8-8B4A-11D0-8D11-00A0C91BC942}") = "qdcombine", "qdcombine\qdcombine.vcxproj", "{6F986DCE-F359-42D3-85B0-C93A2DEB448E}"
EndProject
Project("{8BC9CEB8-8B4A-11D0-8D11-00A0C91BC942}") = "qdcrop", "qdcrop\qdcrop.vcxproj", "{02D08823-7EE1-474A-8B24-64EA3C8C721B}"
EndProject
Project("{8BC9CEB8-8B4A-11D0-8D11-00A0C91BC942}") = "qddiff", "qddiff\qddiff.vcxproj", "{25C497C5-956D-415B-979E-7178F03DF3E3}"
EndProject
Project("{8BC9CEB8-8B4A-11D0-8D11-00A0C91BC942}") = "qdfilter", "qdfilter\qdfilter.vcxproj", "{DF24D1B7-36B4-4280-9DB5-820EAC98CCAA}"
EndProject
Project("{8BC9CEB8-8B4A-11D0-8D11-00A0C91BC942}") = "qdinfo", "qdinfo\qdinfo.vcxproj", "{FA6CDDB4-22E3-4803-9516-824D8C07990D}"
EndProject
Project("{8BC9CEB8-8B4A-11D0-8D11-00A0C91BC942}") = "qdpoint", "qdpoint\qdpoint.vcxproj", "{F468584D-AF72-4839-923A-CD6DDB3CED72}"
EndProject
Project("{8BC9CEB8-8B4A-11D0-8D11-00A0C91BC942}") = "qdproject", "qdproject\qdproject.vcxproj", "{D40367F9-9A85-402B-8A58-F4DE8B334E93}"
EndProject
Project("{8BC9CEB8-8B4A-11D0-8D11-00A0C91BC942}") = "qdscript", "qdscript\qdscript.vcxproj", "{C9E46747-2B31-49E1-8C63-5D90B53946F0}"
EndProject
Project("{8BC9CEB8-8B4A-11D0-8D11-00A0C91BC942}") = "qdset", "qdset\qdset.vcxproj", "{D9B0BB95-800A-4C0F-B5A4-1DAD005D146B}"
EndProject
Project("{8BC9CEB8-8B4A-11D0-8D11-00A0C91BC942}") = "qdsmoother", "qdsmoother\qdsmoother.vcxproj", "{232D9F3A-4622-4B26-92CE-6358CB42F7C2}"
EndProject
Project("{8BC9CEB8-8B4A-11D0-8D11-00A0C91BC942}") = "qdsounding", "qdsounding\qdsounding.vcxproj", "{B062D1FF-0B41-4526-AB56-9C7E99FF8DEC}"
EndProject
Project("{8BC9CEB8-8B4A-11D0-8D11-00A0C91BC942}") = "qdsoundingindex", "qdsoundingindex\qdsoundingindex.vcxproj", "{E97DDEFC-221F-4FB9-905A-A64E89E3CEA0}"
EndProject
Project("{8BC9CEB8-8B4A-11D0-8D11-00A0C91BC942}") = "qdsplit", "qdsplit\qdsplit.vcxproj", "{B2147B3E-8AF1-4671-AEEC-2CF38B45AF02}"
EndProject
Project("{8BC9CEB8-8B4A-11D0-8D11-00A0C91BC942}") = "newbaseEditor", "..\..\..\..\projlib\newbaseEditor\newbaseEditor.vcxproj", "{FE76CB26-9896-452A-861E-7FB68DE3429F}"
EndProject
Project("{8BC9CEB8-8B4A-11D0-8D11-00A0C91BC942}") = "smarttools", "..\..\..\..\projlib\smarttools\smarttools.vcxproj", "{C9ACF4BA-5B09-46BE-BF23-2FF8CBB90C4E}"
EndProject
Project("{8BC9CEB8-8B4A-11D0-8D11-00A0C91BC942}") = "macgyver", "..\..\..\..\projlib\macgyver\macgyver.vcxproj", "{4FABCB7A-BAE4-4E56-AC0D-74E5D72337CB}"
EndProject
Global
	GlobalSection(SolutionConfigurationPlatforms) = preSolution
		Debug|Win32 = Debug|Win32
		Debug|x64 = Debug|x64
		Release|Win32 = Release|Win32
		Release|x64 = Release|x64
	EndGlobalSection
	GlobalSection(ProjectConfigurationPlatforms) = postSolution
		{2177A0D6-4660-487C-8FA6-669B21978015}.Debug|Win32.ActiveCfg = Debug|Win32
		{2177A0D6-4660-487C-8FA6-669B21978015}.Debug|Win32.Build.0 = Debug|Win32
		{2177A0D6-4660-487C-8FA6-669B21978015}.Debug|x64.ActiveCfg = Debug|x64
		{2177A0D6-4660-487C-8FA6-669B21978015}.Debug|x64.Build.0 = Debug|x64
		{2177A0D6-4660-487C-8FA6-669B21978015}.Release|Win32.ActiveCfg = Release|Win32
		{2177A0D6-4660-487C-8FA6-669B21978015}.Release|Win32.Build.0 = Release|Win32
		{2177A0D6-4660-487C-8FA6-669B21978015}.Release|x64.ActiveCfg = Release|x64
		{2177A0D6-4660-487C-8FA6-669B21978015}.Release|x64.Build.0 = Release|x64
		{800526D8-1155-4EF1-ADE7-4988B89F5CDB}.Debug|Win32.ActiveCfg = Debug|Win32
		{800526D8-1155-4EF1-ADE7-4988B89F5CDB}.Debug|Win32.Build.0 = Debug|Win32
		{800526D8-1155-4EF1-ADE7-4988B89F5CDB}.Debug|x64.ActiveCfg = Debug|x64
		{800526D8-1155-4EF1-ADE7-4988B89F5CDB}.Debug|x64.Build.0 = Debug|x64
		{800526D8-1155-4EF1-ADE7-4988B89F5CDB}.Release|Win32.ActiveCfg = Release|Win32
		{800526D8-1155-4EF1-ADE7-4988B89F5CDB}.Release|Win32.Build.0 = Release|Win32
		{800526D8-1155-4EF1-ADE7-4988B89F5CDB}.Release|x64.ActiveCfg = Release|x64
		{800526D8-1155-4EF1-ADE7-4988B89F5CDB}.Release|x64.Build.0 = Release|x64
		{82E60F63-9A50-457E-BF1E-BE8CC57AC007}.Debug|Win32.ActiveCfg = Debug|Win32
		{82E60F63-9A50-457E-BF1E-BE8CC57AC007}.Debug|Win32.Build.0 = Debug|Win32
		{82E60F63-9A50-457E-BF1E-BE8CC57AC007}.Debug|x64.ActiveCfg = Debug|x64
		{82E60F63-9A50-457E-BF1E-BE8CC57AC007}.Debug|x64.Build.0 = Debug|x64
		{82E60F63-9A50-457E-BF1E-BE8CC57AC007}.Release|Win32.ActiveCfg = Release|Win32
		{82E60F63-9A50-457E-BF1E-BE8CC57AC007}.Release|Win32.Build.0 = Release|Win32
		{82E60F63-9A50-457E-BF1E-BE8CC57AC007}.Release|x64.ActiveCfg = Release|x64
		{82E60F63-9A50-457E-BF1E-BE8CC57AC007}.Release|x64.Build.0 = Release|x64
		{1D7665F0-8E95-4A70-A0CA-C4A73F9D0190}.Debug|Win32.ActiveCfg = Debug|Win32
		{1D7665F0-8E95-4A70-A0CA-C4A73F9D0190}.Debug|Win32.Build.0 = Debug|Win32
		{1D7665F0-8E95-4A70-A0CA-C4A73F9D0190}.Debug|x64.ActiveCfg = Debug|x64
		{1D7665F0-8E95-4A70-A0CA-C4A73F9D0190}.Debug|x64.Build.0 = Debug|x64
		{1D7665F0-8E95-4A70-A0CA-C4A73F9D0190}.Release|Win32.ActiveCfg = Release|Win32
		{1D7665F0-8E95-4A70-A0CA-C4A73F9D0190}.Release|Win32.Build.0 = Release|Win32
		{1D7665F0-8E95-4A70-A0CA-C4A73F9D0190}.Release|x64.ActiveCfg = Release|x64
		{1D7665F0-8E95-4A70-A0CA-C4A73F9D0190}.Release|x64.Build.0 = Release|x64
		{F017CBD3-50EF-4B8A-ADE5-562B2B196510}.Debug|Win32.ActiveCfg = Debug|Win32
		{F017CBD3-50EF-4B8A-ADE5-562B2B196510}.Debug|Win32.Build.0 = Debug|Win32
		{F017CBD3-50EF-4B8A-ADE5-562B2B196510}.Debug|x64.ActiveCfg = Debug|x64
		{F017CBD3-50EF-4B8A-ADE5-562B2B196510}.Debug|x64.Build.0 = Debug|x64
		{F017CBD3-50EF-4B8A-ADE5-562B2B196510}.Release|Win32.ActiveCfg = Release|Win32
		{F017CBD3-50EF-4B8A-ADE5-562B2B196510}.Release|Win32.Build.0 = Release|Win32
		{F017CBD3-50EF-4B8A-ADE5-562B2B196510}.Release|x64.ActiveCfg = Release|x64
		{F017CBD3-50EF-4B8A-ADE5-562B2B196510}.Release|x64.Build.0 = Release|x64
		{6F986DCE-F359-42D3-85B0-C93A2DEB448E}.Debug|Win32.ActiveCfg = Debug|Win32
		{6F986DCE-F359-42D3-85B0-C93A2DEB448E}.Debug|Win32.Build.0 = Debug|Win32
		{6F986DCE-F359-42D3-85B0-C93A2DEB448E}.Debug|x64.ActiveCfg = Debug|x64
		{6F986DCE-F359-42D3-85B0-C93A2DEB448E}.Debug|x64.Build.0 = Debug|x64
		{6F986DCE-F359-42D3-85B0-C93A2DEB448E}.Release|Win32.ActiveCfg = Release|Win32
		{6F986DCE-F359-42D3-85B0-C93A2DEB448E}.Release|Win32.Build.0 = Release|Win32
		{6F986DCE-F359-42D3-85B0-C93A2DEB448E}.Release|x64.ActiveCfg = Release|x64
		{6F986DCE-F359-42D3-85B0-C93A2DEB448E}.Release|x64.Build.0 = Release|x64
		{02D08823-7EE1-474A-8B24-64EA3C8C721B}.Debug|Win32.ActiveCfg = Debug|Win32
		{02D08823-7EE1-474A-8B24-64EA3C8C721B}.Debug|Win32.Build.0 = Debug|Win32
		{02D08823-7EE1-474A-8B24-64EA3C8C721B}.Debug|x64.ActiveCfg = Debug|x64
		{02D08823-7EE1-474A-8B24-64EA3C8C721B}.Debug|x64.Build.0 = Debug|x64
		{02D08823-7EE1-474A-8B24-64EA3C8C721B}.Release|Win32.ActiveCfg = Release|Win32
		{02D08823-7EE1-474A-8B24-64EA3C8C721B}.Release|Win32.Build.0 = Release|Win32
		{02D08823-7EE1-474A-8B24-64EA3C8C721B}.Release|x64.ActiveCfg = Release|x64
		{02D08823-7EE1-474A-8B24-64EA3C8C721B}.Release|x64.Build.0 = Release|x64
		{25C497C5-956D-415B-979E-7178F03DF3E3}.Debug|Win32.ActiveCfg = Debug|Win32
		{25C497C5-956D-415B-979E-7178F03DF3E3}.Debug|Win32.Build.0 = Debug|Win32
		{25C497C5-956D-415B-979E-7178F03DF3E3}.Debug|x64.ActiveCfg = Debug|x64
		{25C497C5-956D-415B-979E-7178F03DF3E3}.Debug|x64.Build.0 = Debug|x64
		{25C497C5-956D-415B-979E-7178F03DF3E3}.Release|Win32.ActiveCfg = Release|Win32
		{25C497C5-956D-415B-979E-7178F03DF3E3}.Release|Win32.Build.0 = Release|Win32
		{25C497C5-956D-415B-979E-7178F03DF3E3}.Release|x64.ActiveCfg = Release|x64
		{25C497C5-956D-415B-979E-7178F03DF3E3}.Release|x64.Build.0 = Release|x64
		{DF24D1B7-36B4-4280-9DB5-820EAC98CCAA}.Debug|Win32.ActiveCfg = Debug|Win32
		{DF24D1B7-36B4-4280-9DB5-820EAC98CCAA}.Debug|Win32.Build.0 = Debug|Win32
		{DF24D1B7-36B4-4280-9DB5-820EAC98CCAA}.Debug|x64.ActiveCfg = Debug|x64
		{DF24D1B7-36B4-4280-9DB5-820EAC98CCAA}.Debug|x64.Build.0 = Debug|x64
		{DF24D1B7-36B4-4280-9DB5-820EAC98CCAA}.Release|Win32.ActiveCfg = Release|Win32
		{DF24D1B7-36B4-4280-9DB5-820EAC98CCAA}.Release|Win32.Build.0 = Release|Win32
		{DF24D1B7-36B4-4280-9DB5-820EAC98CCAA}.Release|x64.ActiveCfg = Release|x64
		{DF24D1B7-36B4-4280-9DB5-820EAC98CCAA}.Release|x64.Build.0 = Release|x64
		{FA6CDDB4-22E3-4803-9516-824D8C07990D}.Debug|Win32.ActiveCfg = Debug|Win32
		{FA6CDDB4-22E3-4803-9516-824D8C07990D}.Debug|Win32.Build.0 = Debug|Win32
		{FA6CDDB4-22E3-4803-9516-824D8C07990D}.Debug|x64.ActiveCfg = Debug|x64
		{FA6CDDB4-22E3-4803-9516-824D8C07990D}.Debug|x64.Build.0 = Debug|x64
		{FA6CDDB4-22E3-4803-9516-824D8C07990D}.Release|Win32.ActiveCfg = Release|Win32
		{FA6CDDB4-22E3-4803-9516-824D8C07990D}.Release|Win32.Build.0 = Release|Win32
		{FA6CDDB4-22E3-4803-9516-824D8C07990D}.Release|x64.ActiveCfg = Release|x64
		{FA6CDDB4-22E3-4803-9516-824D8C07990D}.Release|x64.Build.0 = Release|x64
		{F468584D-AF72-4839-923A-CD6DDB3CED72}.Debug|Win32.ActiveCfg = Debug|Win32
		{F468584D-AF72-4839-923A-CD6DDB3CED72}.Debug|Win32.Build.0 = Debug|Win32
		{F468584D-AF72-4839-923A-CD6DDB3CED72}.Debug|x64.ActiveCfg = Debug|x64
		{F468584D-AF72-4839-923A-CD6DDB3CED72}.Debug|x64.Build.0 = Debug|x64
		{F468584D-AF72-4839-923A-CD6DDB3CED72}.Release|Win32.ActiveCfg = Release|Win32
		{F468584D-AF72-4839-923A-CD6DDB3CED72}.Release|Win32.Build.0 = Release|Win32
		{F468584D-AF72-4839-923A-CD6DDB3CED72}.Release|x64.ActiveCfg = Release|x64
		{F468584D-AF72-4839-923A-CD6DDB3CED72}.Release|x64.Build.0 = Release|x64
		{D40367F9-9A85-402B-8A58-F4DE8B334E93}.Debug|Win32.ActiveCfg = Debug|Win32
		{D40367F9-9A85-402B-8A58-F4DE8B334E93}.Debug|Win32.Build.0 = Debug|Win32
		{D40367F9-9A85-402B-8A58-F4DE8B334E93}.Debug|x64.ActiveCfg = Debug|x64
		{D40367F9-9A85-402B-8A58-F4DE8B334E93}.Debug|x64.Build.0 = Debug|x64
		{D40367F9-9A85-402B-8A58-F4DE8B334E93}.Release|Win32.ActiveCfg = Release|Win32
		{D40367F9-9A85-402B-8A58-F4DE8B334E93}.Release|Win32.Build.0 = Release|Win32
		{D40367F9-9A85-402B-8A58-F4DE8B334E93}.Release|x64.ActiveCfg = Release|x64
		{D40367F9-9A85-402B-8A58-F4DE8B334E93}.Release|x64.Build.0 = Release|x64
		{C9E46747-2B31-49E1-8C63-5D90B53946F0}.Debug|Win32.ActiveCfg = Debug|Win32
		{C9E46747-2B31-49E1-8C63-5D90B53946F0}.Debug|Win32.Build.0 = Debug|Win32
		{C9E46747-2B31-49E1-8C63-5D90B53946F0}.Debug|x64.ActiveCfg = Debug|x64
		{C9E46747-2B31-49E1-8C63-5D90B53946F0}.Debug|x64.Build.0 = Debug|x64
		{C9E46747-2B31-49E1-8C63-5D90B53946F0}.Release|Win32.ActiveCfg = Release|Win32
		{C9E46747-2B31-49E1-8C63-5D90B53946F0}.Release|Win32.Build.0 = Release|Win32
		{C9E46747-2B31-49E1-8C63-5D90B53946F0}.Release|x64.ActiveCfg = Release|x64
		{C9E46747-2B31-49E1-8C63-5D90B53946F0}.Release|x64.Build.0 = Release|x64
		{D9B0BB95-800A-4C0F-B5A4-1DAD005D146B}.Debug|Win32.ActiveCfg = Debug|Win32
		{D9B0BB95-800A-4C0F-B5A4-1DAD005D146B}.Debug|Win32.Build.0 = Debug|Win32
		{D9B0BB95-800A-4C0F-B5A4-1DAD005D146B}.Debug|x64.ActiveCfg = Debug|x64
		{D9B0BB95-800A-4C0F-B5A4-1DAD005D146B}.Debug|x64.Build.0 = Debug|x64
		{D9B0BB95-800A-4C0F-B5A4-1DAD005D146B}.Release|Win32.ActiveCfg = Release|Win32
		{D9B0BB95-800A-4C0F-B5A4-1DAD005D146B}.Release|Win32.Build.0 = Release|Win32
		{D9B0BB95-800A-4C0F-B5A4-1DAD005D146B}.Release|x64.ActiveCfg = Release|x64
		{D9B0BB95-800A-4C0F-B5A4-1DAD005D146B}.Release|x64.Build.0 = Release|x64
		{232D9F3A-4622-4B26-92CE-6358CB42F7C2}.Debug|Win32.ActiveCfg = Debug|Win32
		{232D9F3A-4622-4B26-92CE-6358CB42F7C2}.Debug|Win32.Build.0 = Debug|Win32
		{232D9F3A-4622-4B26-92CE-6358CB42F7C2}.Debug|x64.ActiveCfg = Debug|x64
		{232D9F3A-4622-4B26-92CE-6358CB42F7C2}.Debug|x64.Build.0 = Debug|x64
		{232D9F3A-4622-4B26-92CE-6358CB42F7C2}.Release|Win32.ActiveCfg = Release|Win32
		{232D9F3A-4622-4B26-92CE-6358CB42F7C2}.Release|Win32.Build.0 = Release|Win32
		{232D9F3A-4622-4B26-92CE-6358CB42F7C2}.Release|x64.ActiveCfg = Release|x64
		{232D9F3A-4622-4B26-92CE-6358CB42F7C2}.Release|x64.Build.0 = Release|x64
		{B062D1FF-0B41-4526-AB56-9C7E99FF8DEC}.Debug|Win32.ActiveCfg = Debug|Win32
		{B062D1FF-0B41-4526-AB56-9C7E99FF8DEC}.Debug|Win32.Build.0 = Debug|Win32
		{B062D1FF-0B41-4526-AB56-9C7E99FF8DEC}.Debug|x64.ActiveCfg = Debug|x64
		{B062D1FF-0B41-4526-AB56-9C7E99FF8DEC}.Debug|x64.Build.0 = Debug|x64
		{B062D1FF-0B41-4526-AB56-9C7E99FF8DEC}.Release|Win32.ActiveCfg = Release|Win32
		{B062D1FF-0B41-4526-AB56-9C7E99FF8DEC}.Release|Win32.Build.0 = Release|Win32
		{B062D1FF-0B41-4526-AB56-9C7E99FF8DEC}.Release|x64.ActiveCfg = Release|x64
		{B062D1FF-0B41-4526-AB56-9C7E99FF8DEC}.Release|x64.Build.0 = Release|x64
		{E97DDEFC-221F-4FB9-905A-A64E89E3CEA0}.Debug|Win32.ActiveCfg = Debug|Win32
		{E97DDEFC-221F-4FB9-905A-A64E89E3CEA0}.Debug|Win32.Build.0 = Debug|Win32
		{E97DDEFC-221F-4FB9-905A-A64E89E3CEA0}.Debug|x64.ActiveCfg = Debug|x64
		{E97DDEFC-221F-4FB9-905A-A64E89E3CEA0}.Debug|x64.Build.0 = Debug|x64
		{E97DDEFC-221F-4FB9-905A-A64E89E3CEA0}.Release|Win32.ActiveCfg = Release|Win32
		{E97DDEFC-221F-4FB9-905A-A64E89E3CEA0}.Release|Win32.Build.0 = Release|Win32
		{E97DDEFC-221F-4FB9-905A-A64E89E3CEA0}.Release|x64.ActiveCfg = Release|x64
		{E97DDEFC-221F-4FB9-905A-A64E89E3CEA0}.Release|x64.Build.0 = Release|x64
		{B2147B3E-8AF1-4671-AEEC-2CF38B45AF02}.Debug|Win32.ActiveCfg = Debug|Win32
		{B2147B3E-8AF1-4671-AEEC-2CF38B45AF02}.Debug|Win32.Build.0 = Debug|Win32
		{B2147B3E-8AF1-4671-AEEC-2CF38B45AF02}.Debug|x64.ActiveCfg = Debug|x64
		{B2147B3E-8AF1-4671-AEEC-2CF38B45AF02}.Debug|x64.Build.0 = Debug|x64
		{B2147B3E-8AF1-4671-AEEC-2CF38B45AF02}.Release|Win32.ActiveCfg = Release|Win32
		{B2147B3E-8AF1-4671-AEEC-2CF38B45AF02}.Release|Win32.Build.0 = Release|Win32
		{B2147B3E-8AF1-4671-AEEC-2CF38B45AF02}.Release|x64.ActiveCfg = Release|x64
		{B2147B3E-8AF1-4671-AEEC-2CF38B45AF02}.Release|x64.Build.0 = Release|x64
		{FE76CB26-9896-452A-861E-7FB68DE3429F}.Debug|Win32.ActiveCfg = Debug|Win32
		{FE76CB26-9896-452A-861E-7FB68DE3429F}.Debug|Win32.Build.0 = Debug|Win32
		{FE76CB26-9896-452A-861E-7FB68DE3429F}.Debug|x64.ActiveCfg = Debug|x64
		{FE76CB26-9896-452A-861E-7FB68DE3429F}.Debug|x64.Build.0 = Debug|x64
		{FE76CB26-9896-452A-861E-7FB68DE3429F}.Release|Win32.ActiveCfg = Release|Win32
		{FE76CB26-9896-452A-861E-7FB68DE3429F}.Release|Win32.Build.0 = Release|Win32
		{FE76CB26-9896-452A-861E-7FB68DE3429F}.Release|x64.ActiveCfg = Release|x64
		{FE76CB26-9896-452A-861E-7FB68DE3429F}.Release|x64.Build.0 = Release|x64
		{C9ACF4BA-5B09-46BE-BF23-2FF8CBB90C4E}.Debug|Win32.ActiveCfg = Debug|Win32
		{C9ACF4BA-5B09-46BE-BF23-2FF8CBB90C4E}.Debug|Win32.Build.0 = Debug|Win32
		{C9ACF4BA-5B09-46BE-BF23-2FF8CBB90C4E}.Debug|x64.ActiveCfg = Debug|x64
		{C9ACF4BA-5B09-46BE-BF23-2FF8CBB90C4E}.Debug|x64.Build.0 = Debug|x64
		{C9ACF4BA-5B09-46BE-BF23-2FF8CBB90C4E}.Release|Win32.ActiveCfg = Release|Win32
		{C9ACF4BA-5B09-46BE-BF23-2FF8CBB90C4E}.Release|Win32.Build.0 = Release|Win32
		{C9ACF4BA-5B09-46BE-BF23-2FF8CBB90C4E}.Release|x64.ActiveCfg = Release|x64
		{C9ACF4BA-5B09-46BE-BF23-2FF8CBB90C4E}.Release|x64.Build.0 = Release|x64
		{4FABCB7A-BAE4-4E56-AC0D-74E5D72337CB}.Debug|Win32.ActiveCfg = Debug|Win32
		{4FABCB7A-BAE4-4E56-AC0D-74E5D72337CB}.Debug|Win32.Build.0 = Debug|Win32
		{4FABCB7A-BAE4-4E56-AC0D-74E5D72337CB}.Debug|x64.ActiveCfg = Debug|x64
		{4FABCB7A-BAE4-4E56-AC0D-74E5D72337CB}.Debug|x64.Build.0 = Debug|x64
		{4FABCB7A-BAE4-4E56-AC0D-74E5D72337CB}.Release|Win32.ActiveCfg = Release|Win32
		{4FABCB7A-BAE4-4E56-AC0D-74E5D72337CB}.Release|Win32.Build.0 = Release|Win32
		{4FABCB7A-BAE4-4E56-AC0D-74E5D72337CB}.Release|x64.ActiveCfg = Release|x64
		{4FABCB7A-BAE4-4E56-AC0D-74E5D72337CB}.Release|x64.Build.0 = Release|x64
	EndGlobalSection
	GlobalSection(SolutionProperties) = preSolution
		HideSolutionNode = FALSE
	EndGlobalSection
EndGlobal
